
Microsoft Visual Studio Solution File, Format Version 12.00
# Visual Studio Version 16
VisualStudioVersion = 16.0.33927.289
MinimumVisualStudioVersion = 10.0.40219.1
Project("{FAE04EC0-301F-11D3-BF4B-00C04F79EFBC}") = "CapaVista", "CapaVista\CapaVista.csproj", "{5898A16E-6591-45D6-AFBB-1E887BA99641}"
EndProject
Project("{FAE04EC0-301F-11D3-BF4B-00C04F79EFBC}") = "CapaModelo", "CapaModelo\CapaModelo.csproj", "{01A3F6DC-78CD-4A26-9A78-3AE712342343}"
EndProject
Project("{FAE04EC0-301F-11D3-BF4B-00C04F79EFBC}") = "CapaControlador", "CapaControlador\CapaControlador.csproj", "{0E337BE1-BAAF-4434-8E62-C60E6579DDCA}"
EndProject
Global
	GlobalSection(SolutionConfigurationPlatforms) = preSolution
		Debug|Any CPU = Debug|Any CPU
		Release|Any CPU = Release|Any CPU
	EndGlobalSection
	GlobalSection(ProjectConfigurationPlatforms) = postSolution
		{5898A16E-6591-45D6-AFBB-1E887BA99641}.Debug|Any CPU.ActiveCfg = Debug|Any CPU
		{5898A16E-6591-45D6-AFBB-1E887BA99641}.Debug|Any CPU.Build.0 = Debug|Any CPU
		{5898A16E-6591-45D6-AFBB-1E887BA99641}.Release|Any CPU.ActiveCfg = Release|Any CPU
		{5898A16E-6591-45D6-AFBB-1E887BA99641}.Release|Any CPU.Build.0 = Release|Any CPU
		{01A3F6DC-78CD-4A26-9A78-3AE712342343}.Debug|Any CPU.ActiveCfg = Debug|Any CPU
		{01A3F6DC-78CD-4A26-9A78-3AE712342343}.Debug|Any CPU.Build.0 = Debug|Any CPU
		{01A3F6DC-78CD-4A26-9A78-3AE712342343}.Release|Any CPU.ActiveCfg = Release|Any CPU
		{01A3F6DC-78CD-4A26-9A78-3AE712342343}.Release|Any CPU.Build.0 = Release|Any CPU
		{0E337BE1-BAAF-4434-8E62-C60E6579DDCA}.Debug|Any CPU.ActiveCfg = Debug|Any CPU
		{0E337BE1-BAAF-4434-8E62-C60E6579DDCA}.Debug|Any CPU.Build.0 = Debug|Any CPU
		{0E337BE1-BAAF-4434-8E62-C60E6579DDCA}.Release|Any CPU.ActiveCfg = Release|Any CPU
		{0E337BE1-BAAF-4434-8E62-C60E6579DDCA}.Release|Any CPU.Build.0 = Release|Any CPU
	EndGlobalSection
	GlobalSection(SolutionProperties) = preSolution
		HideSolutionNode = FALSE
	EndGlobalSection
	GlobalSection(ExtensibilityGlobals) = postSolution
		SolutionGuid = {A906EA74-2E2C-40EA-8D26-842517E3A61D}
	EndGlobalSection
EndGlobal
