
Microsoft Visual Studio Solution File, Format Version 12.00
# Visual Studio Version 16
VisualStudioVersion = 16.0.33801.447
MinimumVisualStudioVersion = 10.0.40219.1
Project("{FAE04EC0-301F-11D3-BF4B-00C04F79EFBC}") = "CapaVista", "CapaVista\CapaVista.csproj", "{C9C54F97-9817-4059-AFBB-40ADF5A103E8}"
EndProject
Project("{FAE04EC0-301F-11D3-BF4B-00C04F79EFBC}") = "CapaModelo", "CapaModelo\CapaModelo.csproj", "{3E118B13-E43C-4D30-9244-5F09C345A80F}"
EndProject
Project("{FAE04EC0-301F-11D3-BF4B-00C04F79EFBC}") = "CapaControlador", "CapaControlador\CapaControlador.csproj", "{6F6EB418-3512-4E94-B5BD-E0E78DF48451}"
EndProject
Global
	GlobalSection(SolutionConfigurationPlatforms) = preSolution
		Debug|Any CPU = Debug|Any CPU
		Release|Any CPU = Release|Any CPU
	EndGlobalSection
	GlobalSection(ProjectConfigurationPlatforms) = postSolution
		{C9C54F97-9817-4059-AFBB-40ADF5A103E8}.Debug|Any CPU.ActiveCfg = Debug|Any CPU
		{C9C54F97-9817-4059-AFBB-40ADF5A103E8}.Debug|Any CPU.Build.0 = Debug|Any CPU
		{C9C54F97-9817-4059-AFBB-40ADF5A103E8}.Release|Any CPU.ActiveCfg = Release|Any CPU
		{C9C54F97-9817-4059-AFBB-40ADF5A103E8}.Release|Any CPU.Build.0 = Release|Any CPU
		{3E118B13-E43C-4D30-9244-5F09C345A80F}.Debug|Any CPU.ActiveCfg = Debug|Any CPU
		{3E118B13-E43C-4D30-9244-5F09C345A80F}.Debug|Any CPU.Build.0 = Debug|Any CPU
		{3E118B13-E43C-4D30-9244-5F09C345A80F}.Release|Any CPU.ActiveCfg = Release|Any CPU
		{3E118B13-E43C-4D30-9244-5F09C345A80F}.Release|Any CPU.Build.0 = Release|Any CPU
		{6F6EB418-3512-4E94-B5BD-E0E78DF48451}.Debug|Any CPU.ActiveCfg = Debug|Any CPU
		{6F6EB418-3512-4E94-B5BD-E0E78DF48451}.Debug|Any CPU.Build.0 = Debug|Any CPU
		{6F6EB418-3512-4E94-B5BD-E0E78DF48451}.Release|Any CPU.ActiveCfg = Release|Any CPU
		{6F6EB418-3512-4E94-B5BD-E0E78DF48451}.Release|Any CPU.Build.0 = Release|Any CPU
	EndGlobalSection
	GlobalSection(SolutionProperties) = preSolution
		HideSolutionNode = FALSE
	EndGlobalSection
	GlobalSection(ExtensibilityGlobals) = postSolution
		SolutionGuid = {9F341413-5826-41C5-A836-298792095F3E}
	EndGlobalSection
EndGlobal
