
Microsoft Visual Studio Solution File, Format Version 12.00
# Visual Studio Version 16
VisualStudioVersion = 16.0.34031.81
MinimumVisualStudioVersion = 10.0.40219.1
Project("{FAE04EC0-301F-11D3-BF4B-00C04F79EFBC}") = "ExamenMaster", "ExamenMaster\ExamenMaster.csproj", "{0D752CE0-081C-4638-9D81-381F06025F31}"
EndProject
Global
	GlobalSection(SolutionConfigurationPlatforms) = preSolution
		Debug|Any CPU = Debug|Any CPU
		Release|Any CPU = Release|Any CPU
	EndGlobalSection
	GlobalSection(ProjectConfigurationPlatforms) = postSolution
		{0D752CE0-081C-4638-9D81-381F06025F31}.Debug|Any CPU.ActiveCfg = Debug|Any CPU
		{0D752CE0-081C-4638-9D81-381F06025F31}.Debug|Any CPU.Build.0 = Debug|Any CPU
		{0D752CE0-081C-4638-9D81-381F06025F31}.Release|Any CPU.ActiveCfg = Release|Any CPU
		{0D752CE0-081C-4638-9D81-381F06025F31}.Release|Any CPU.Build.0 = Release|Any CPU
	EndGlobalSection
	GlobalSection(SolutionProperties) = preSolution
		HideSolutionNode = FALSE
	EndGlobalSection
	GlobalSection(ExtensibilityGlobals) = postSolution
		SolutionGuid = {1180E366-F321-491A-A397-EE3C35927200}
	EndGlobalSection
EndGlobal
