
Microsoft Visual Studio Solution File, Format Version 12.00
# Visual Studio Version 16
VisualStudioVersion = 16.0.34031.81
MinimumVisualStudioVersion = 10.0.40219.1
Project("{FAE04EC0-301F-11D3-BF4B-00C04F79EFBC}") = "EjecucionExamen", "EjecucionExamen\EjecucionExamen.csproj", "{32274B57-2FCC-4BF3-ACA9-060AAB4FA2B7}"
EndProject
Global
	GlobalSection(SolutionConfigurationPlatforms) = preSolution
		Debug|Any CPU = Debug|Any CPU
		Release|Any CPU = Release|Any CPU
	EndGlobalSection
	GlobalSection(ProjectConfigurationPlatforms) = postSolution
		{32274B57-2FCC-4BF3-ACA9-060AAB4FA2B7}.Debug|Any CPU.ActiveCfg = Debug|Any CPU
		{32274B57-2FCC-4BF3-ACA9-060AAB4FA2B7}.Debug|Any CPU.Build.0 = Debug|Any CPU
		{32274B57-2FCC-4BF3-ACA9-060AAB4FA2B7}.Release|Any CPU.ActiveCfg = Release|Any CPU
		{32274B57-2FCC-4BF3-ACA9-060AAB4FA2B7}.Release|Any CPU.Build.0 = Release|Any CPU
	EndGlobalSection
	GlobalSection(SolutionProperties) = preSolution
		HideSolutionNode = FALSE
	EndGlobalSection
	GlobalSection(ExtensibilityGlobals) = postSolution
		SolutionGuid = {99B4C364-D5C1-457C-B32F-FD8128499B9F}
	EndGlobalSection
EndGlobal
