
Microsoft Visual Studio Solution File, Format Version 12.00
# Visual Studio Version 16
VisualStudioVersion = 16.0.33920.266
MinimumVisualStudioVersion = 10.0.40219.1
Project("{FAE04EC0-301F-11D3-BF4B-00C04F79EFBC}") = "CapaVista", "CapaVista\CapaVista.csproj", "{9A78FC2A-6824-4B81-9E27-EF80D4694452}"
EndProject
Project("{FAE04EC0-301F-11D3-BF4B-00C04F79EFBC}") = "CapaControlador", "CapaControlador\CapaControlador.csproj", "{8116542A-938D-4858-B0FF-A2FA11EEA11A}"
EndProject
Project("{FAE04EC0-301F-11D3-BF4B-00C04F79EFBC}") = "CapaModelo", "CapaModelo\CapaModelo.csproj", "{CEAFADF2-3946-48F6-96E0-C3CB7A6731B3}"
EndProject
Global
	GlobalSection(SolutionConfigurationPlatforms) = preSolution
		Debug|Any CPU = Debug|Any CPU
		Release|Any CPU = Release|Any CPU
	EndGlobalSection
	GlobalSection(ProjectConfigurationPlatforms) = postSolution
		{9A78FC2A-6824-4B81-9E27-EF80D4694452}.Debug|Any CPU.ActiveCfg = Debug|Any CPU
		{9A78FC2A-6824-4B81-9E27-EF80D4694452}.Debug|Any CPU.Build.0 = Debug|Any CPU
		{9A78FC2A-6824-4B81-9E27-EF80D4694452}.Release|Any CPU.ActiveCfg = Release|Any CPU
		{9A78FC2A-6824-4B81-9E27-EF80D4694452}.Release|Any CPU.Build.0 = Release|Any CPU
		{8116542A-938D-4858-B0FF-A2FA11EEA11A}.Debug|Any CPU.ActiveCfg = Debug|Any CPU
		{8116542A-938D-4858-B0FF-A2FA11EEA11A}.Debug|Any CPU.Build.0 = Debug|Any CPU
		{8116542A-938D-4858-B0FF-A2FA11EEA11A}.Release|Any CPU.ActiveCfg = Release|Any CPU
		{8116542A-938D-4858-B0FF-A2FA11EEA11A}.Release|Any CPU.Build.0 = Release|Any CPU
		{CEAFADF2-3946-48F6-96E0-C3CB7A6731B3}.Debug|Any CPU.ActiveCfg = Debug|Any CPU
		{CEAFADF2-3946-48F6-96E0-C3CB7A6731B3}.Debug|Any CPU.Build.0 = Debug|Any CPU
		{CEAFADF2-3946-48F6-96E0-C3CB7A6731B3}.Release|Any CPU.ActiveCfg = Release|Any CPU
		{CEAFADF2-3946-48F6-96E0-C3CB7A6731B3}.Release|Any CPU.Build.0 = Release|Any CPU
	EndGlobalSection
	GlobalSection(SolutionProperties) = preSolution
		HideSolutionNode = FALSE
	EndGlobalSection
	GlobalSection(ExtensibilityGlobals) = postSolution
		SolutionGuid = {CC69AA9C-8196-4DCB-A8EB-B9788FBCEACA}
	EndGlobalSection
EndGlobal
