
Microsoft Visual Studio Solution File, Format Version 12.00
# Visual Studio Version 16
VisualStudioVersion = 16.0.34031.81
MinimumVisualStudioVersion = 10.0.40219.1
Project("{FAE04EC0-301F-11D3-BF4B-00C04F79EFBC}") = "CapaModelo", "CapaModelo\CapaModelo.csproj", "{88039444-72B3-4B53-AE03-1A12BB2DDA1B}"
EndProject
Project("{FAE04EC0-301F-11D3-BF4B-00C04F79EFBC}") = "CapaVista", "CapaVista\CapaVista.csproj", "{91278092-4C82-4864-A4C1-44B8902ED8F5}"
EndProject
Project("{FAE04EC0-301F-11D3-BF4B-00C04F79EFBC}") = "CapaControlador", "CapaControlador\CapaControlador.csproj", "{CA4C23BA-A957-45D6-B4CA-D0B959C836A8}"
EndProject
Global
	GlobalSection(SolutionConfigurationPlatforms) = preSolution
		Debug|Any CPU = Debug|Any CPU
		Release|Any CPU = Release|Any CPU
	EndGlobalSection
	GlobalSection(ProjectConfigurationPlatforms) = postSolution
		{88039444-72B3-4B53-AE03-1A12BB2DDA1B}.Debug|Any CPU.ActiveCfg = Debug|Any CPU
		{88039444-72B3-4B53-AE03-1A12BB2DDA1B}.Debug|Any CPU.Build.0 = Debug|Any CPU
		{88039444-72B3-4B53-AE03-1A12BB2DDA1B}.Release|Any CPU.ActiveCfg = Release|Any CPU
		{88039444-72B3-4B53-AE03-1A12BB2DDA1B}.Release|Any CPU.Build.0 = Release|Any CPU
		{91278092-4C82-4864-A4C1-44B8902ED8F5}.Debug|Any CPU.ActiveCfg = Debug|Any CPU
		{91278092-4C82-4864-A4C1-44B8902ED8F5}.Debug|Any CPU.Build.0 = Debug|Any CPU
		{91278092-4C82-4864-A4C1-44B8902ED8F5}.Release|Any CPU.ActiveCfg = Release|Any CPU
		{91278092-4C82-4864-A4C1-44B8902ED8F5}.Release|Any CPU.Build.0 = Release|Any CPU
		{CA4C23BA-A957-45D6-B4CA-D0B959C836A8}.Debug|Any CPU.ActiveCfg = Debug|Any CPU
		{CA4C23BA-A957-45D6-B4CA-D0B959C836A8}.Debug|Any CPU.Build.0 = Debug|Any CPU
		{CA4C23BA-A957-45D6-B4CA-D0B959C836A8}.Release|Any CPU.ActiveCfg = Release|Any CPU
		{CA4C23BA-A957-45D6-B4CA-D0B959C836A8}.Release|Any CPU.Build.0 = Release|Any CPU
	EndGlobalSection
	GlobalSection(SolutionProperties) = preSolution
		HideSolutionNode = FALSE
	EndGlobalSection
	GlobalSection(ExtensibilityGlobals) = postSolution
		SolutionGuid = {DF9C4C04-0966-47BD-BD35-23DC32C5FE80}
	EndGlobalSection
EndGlobal
